{
  "name": "soen-390",
  "version": "1.0.0",
  "lockfileVersion": 2,
  "requires": true,
  "packages": {
    "": {
      "name": "soen-390",
      "version": "1.0.0",
      "hasInstallScript": true,
      "license": "MIT",
      "dependencies": {
        "core-util-is": "^1.0.2"
      },
      "devDependencies": {
        "husky": "^5.0.6",
        "prettier": "^2.2.1"
      }
    },
    "node_modules/core-util-is": {
      "version": "1.0.2",
      "resolved": "https://registry.npmjs.org/core-util-is/-/core-util-is-1.0.2.tgz",
      "integrity": "sha1-tf1UIgqivFq1eqtxQMlAdUUDwac="
    },
    "node_modules/husky": {
      "version": "5.0.6",
      "resolved": "https://registry.npmjs.org/husky/-/husky-5.0.6.tgz",
      "integrity": "sha512-SM+evfvcHT3rAYJKvPlatz3L5RqzgeM6xIvDjhs8VuhKj6iKqFDOt/Ov8sPjvWuE4FDB385gJBwWXRj7G3c1hg==",
      "dev": true,
      "bin": {
        "husky": "lib/bin.js"
      },
      "engines": {
        "node": ">= 10"
      }
    },
    "node_modules/prettier": {
      "version": "2.2.1",
      "resolved": "https://registry.npmjs.org/prettier/-/prettier-2.2.1.tgz",
      "integrity": "sha512-PqyhM2yCjg/oKkFPtTGUojv7gnZAoG80ttl45O6x2Ug/rMJw4wcc9k6aaf2hibP7BGVCCM33gZoGjyvt9mm16Q==",
      "dev": true,
      "bin": {
        "prettier": "bin-prettier.js"
      },
      "engines": {
        "node": ">=10.13.0"
      }
    }
  },
  "dependencies": {
    "core-util-is": {
      "version": "1.0.2",
      "resolved": "https://registry.npmjs.org/core-util-is/-/core-util-is-1.0.2.tgz",
      "integrity": "sha1-tf1UIgqivFq1eqtxQMlAdUUDwac="
    },
    "husky": {
      "version": "5.0.6",
      "resolved": "https://registry.npmjs.org/husky/-/husky-5.0.6.tgz",
      "integrity": "sha512-SM+evfvcHT3rAYJKvPlatz3L5RqzgeM6xIvDjhs8VuhKj6iKqFDOt/Ov8sPjvWuE4FDB385gJBwWXRj7G3c1hg==",
      "dev": true
    },
    "prettier": {
      "version": "2.2.1",
      "resolved": "https://registry.npmjs.org/prettier/-/prettier-2.2.1.tgz",
      "integrity": "sha512-PqyhM2yCjg/oKkFPtTGUojv7gnZAoG80ttl45O6x2Ug/rMJw4wcc9k6aaf2hibP7BGVCCM33gZoGjyvt9mm16Q==",
      "dev": true
    }
  }
}
